
Microsoft Visual Studio Solution File, Format Version 12.00
# Visual Studio 14
VisualStudioVersion = 14.0.25420.1
MinimumVisualStudioVersion = 10.0.40219.1
Project("{FAE04EC0-301F-11D3-BF4B-00C04F79EFBC}") = "ECommerceWebAPI", "ECommerceWebAPI\ECommerceWebAPI.csproj", "{53689A64-FE3B-4384-AB5F-D7C9F6A779E2}"
EndProject
Project("{FAE04EC0-301F-11D3-BF4B-00C04F79EFBC}") = "ECommerceWebAPI_DataAccess", "ECommerceWebAPI_DataAccess\ECommerceWebAPI_DataAccess.csproj", "{CFC61546-7051-413C-96BF-12112C7B5856}"
EndProject
Global
	GlobalSection(SolutionConfigurationPlatforms) = preSolution
		Debug|Any CPU = Debug|Any CPU
		Release|Any CPU = Release|Any CPU
	EndGlobalSection
	GlobalSection(ProjectConfigurationPlatforms) = postSolution
		{53689A64-FE3B-4384-AB5F-D7C9F6A779E2}.Debug|Any CPU.ActiveCfg = Debug|Any CPU
		{53689A64-FE3B-4384-AB5F-D7C9F6A779E2}.Debug|Any CPU.Build.0 = Debug|Any CPU
		{53689A64-FE3B-4384-AB5F-D7C9F6A779E2}.Release|Any CPU.ActiveCfg = Release|Any CPU
		{53689A64-FE3B-4384-AB5F-D7C9F6A779E2}.Release|Any CPU.Build.0 = Release|Any CPU
		{CFC61546-7051-413C-96BF-12112C7B5856}.Debug|Any CPU.ActiveCfg = Debug|Any CPU
		{CFC61546-7051-413C-96BF-12112C7B5856}.Debug|Any CPU.Build.0 = Debug|Any CPU
		{CFC61546-7051-413C-96BF-12112C7B5856}.Release|Any CPU.ActiveCfg = Release|Any CPU
		{CFC61546-7051-413C-96BF-12112C7B5856}.Release|Any CPU.Build.0 = Release|Any CPU
	EndGlobalSection
	GlobalSection(SolutionProperties) = preSolution
		HideSolutionNode = FALSE
	EndGlobalSection
EndGlobal
